// !$*UTF8*$!
{
	archiveVersion = 1;
	classes = {
	};
	objectVersion = 56;
	objects = {

/* Begin PBXBuildFile section */
		9E7BA4D22C3C83F400A5B0A7 /* AppDelegate.swift in Sources */ = {isa = PBXBuildFile; fileRef = 9E7BA4D12C3C83F400A5B0A7 /* AppDelegate.swift */; };
		9E7BA4D42C3C83F400A5B0A7 /* SceneDelegate.swift in Sources */ = {isa = PBXBuildFile; fileRef = 9E7BA4D32C3C83F400A5B0A7 /* SceneDelegate.swift */; };
		9E7BA4D62C3C83F400A5B0A7 /* MapViewController.swift in Sources */ = {isa = PBXBuildFile; fileRef = 9E7BA4D52C3C83F400A5B0A7 /* MapViewController.swift */; };
		9E7BA4DC2C3C83F400A5B0A7 /* Vilea.xcdatamodeld in Sources */ = {isa = PBXBuildFile; fileRef = 9E7BA4DA2C3C83F400A5B0A7 /* Vilea.xcdatamodeld */; };
		9E7BA4DE2C3C83F500A5B0A7 /* Assets.xcassets in Resources */ = {isa = PBXBuildFile; fileRef = 9E7BA4DD2C3C83F500A5B0A7 /* Assets.xcassets */; };
		9E7BA4E12C3C83F500A5B0A7 /* Base in Resources */ = {isa = PBXBuildFile; fileRef = 9E7BA4E02C3C83F500A5B0A7 /* Base */; };
		9E7BA4EC2C3C83F500A5B0A7 /* VileaTests.swift in Sources */ = {isa = PBXBuildFile; fileRef = 9E7BA4EB2C3C83F500A5B0A7 /* VileaTests.swift */; };
		9E7BA4F62C3C83F500A5B0A7 /* VileaUITests.swift in Sources */ = {isa = PBXBuildFile; fileRef = 9E7BA4F52C3C83F500A5B0A7 /* VileaUITests.swift */; };
		9E7BA4F82C3C83F500A5B0A7 /* VileaUITestsLaunchTests.swift in Sources */ = {isa = PBXBuildFile; fileRef = 9E7BA4F72C3C83F500A5B0A7 /* VileaUITestsLaunchTests.swift */; };
		9E7BA50E2C3C867C00A5B0A7 /* OSLog+Extensions.swift in Sources */ = {isa = PBXBuildFile; fileRef = 9E7BA50D2C3C867C00A5B0A7 /* OSLog+Extensions.swift */; };
		9E7BA5102C3C897800A5B0A7 /* ListViewController.swift in Sources */ = {isa = PBXBuildFile; fileRef = 9E7BA50F2C3C897800A5B0A7 /* ListViewController.swift */; };
		9E7BA5122C3C8BB600A5B0A7 /* MainTabBarController.swift in Sources */ = {isa = PBXBuildFile; fileRef = 9E7BA5112C3C8BB600A5B0A7 /* MainTabBarController.swift */; };
		9E7BA5152C3CA92100A5B0A7 /* StationRepository.swift in Sources */ = {isa = PBXBuildFile; fileRef = 9E7BA5142C3CA92100A5B0A7 /* StationRepository.swift */; };
		9E7BA5172C3CACDB00A5B0A7 /* StationLocalRepository.swift in Sources */ = {isa = PBXBuildFile; fileRef = 9E7BA5162C3CACDB00A5B0A7 /* StationLocalRepository.swift */; };
		9E7BA5192C3CACE300A5B0A7 /* StationRemoteRepository.swift in Sources */ = {isa = PBXBuildFile; fileRef = 9E7BA5182C3CACE300A5B0A7 /* StationRemoteRepository.swift */; };
		9E7BA51E2C3D7FD100A5B0A7 /* EVSERoot.swift in Sources */ = {isa = PBXBuildFile; fileRef = 9E7BA51D2C3D7FD100A5B0A7 /* EVSERoot.swift */; };
		9E7BA5202C3D7FE400A5B0A7 /* EVSEData.swift in Sources */ = {isa = PBXBuildFile; fileRef = 9E7BA51F2C3D7FE400A5B0A7 /* EVSEData.swift */; };
		9E7BA5222C3D7FFA00A5B0A7 /* EVSEDataRecord.swift in Sources */ = {isa = PBXBuildFile; fileRef = 9E7BA5212C3D7FFA00A5B0A7 /* EVSEDataRecord.swift */; };
		9E7BA5242C3D802100A5B0A7 /* GeoCoordinates.swift in Sources */ = {isa = PBXBuildFile; fileRef = 9E7BA5232C3D802100A5B0A7 /* GeoCoordinates.swift */; };
		9E7BA5262C3D804200A5B0A7 /* ChargingFacility.swift in Sources */ = {isa = PBXBuildFile; fileRef = 9E7BA5252C3D804200A5B0A7 /* ChargingFacility.swift */; };
		9E7BA52A2C3D82C700A5B0A7 /* Data+Extensions.swift in Sources */ = {isa = PBXBuildFile; fileRef = 9E7BA5292C3D82C700A5B0A7 /* Data+Extensions.swift */; };
		9E7BA52C2C3D84B900A5B0A7 /* AppConfig.swift in Sources */ = {isa = PBXBuildFile; fileRef = 9E7BA52B2C3D84B900A5B0A7 /* AppConfig.swift */; };
		9E7BA52E2C3DE2FF00A5B0A7 /* Station+Extensions.swift in Sources */ = {isa = PBXBuildFile; fileRef = 9E7BA52D2C3DE2FF00A5B0A7 /* Station+Extensions.swift */; };
		9E7BA5302C3DF45800A5B0A7 /* EVSEStatusesRoot.swift in Sources */ = {isa = PBXBuildFile; fileRef = 9E7BA52F2C3DF45800A5B0A7 /* EVSEStatusesRoot.swift */; };
		9E7BA5322C3DF6FE00A5B0A7 /* EvseState.swift in Sources */ = {isa = PBXBuildFile; fileRef = 9E7BA5312C3DF6FE00A5B0A7 /* EvseState.swift */; };
		9E7BA5342C3DFAFE00A5B0A7 /* EVSEStatus.swift in Sources */ = {isa = PBXBuildFile; fileRef = 9E7BA5332C3DFAFE00A5B0A7 /* EVSEStatus.swift */; };
		9E7BA5362C3DFB0A00A5B0A7 /* EVSEStatusRecord.swift in Sources */ = {isa = PBXBuildFile; fileRef = 9E7BA5352C3DFB0A00A5B0A7 /* EVSEStatusRecord.swift */; };
		9E7BA5382C3E0B3200A5B0A7 /* StationAnnotation.swift in Sources */ = {isa = PBXBuildFile; fileRef = 9E7BA5372C3E0B3200A5B0A7 /* StationAnnotation.swift */; };
		9E7BA53A2C3EB97200A5B0A7 /* UniqueStation.swift in Sources */ = {isa = PBXBuildFile; fileRef = 9E7BA5392C3EB97200A5B0A7 /* UniqueStation.swift */; };
/* End PBXBuildFile section */

/* Begin PBXContainerItemProxy section */
		9E7BA4E82C3C83F500A5B0A7 /* PBXContainerItemProxy */ = {
			isa = PBXContainerItemProxy;
			containerPortal = 9E7BA4C62C3C83F400A5B0A7 /* Project object */;
			proxyType = 1;
			remoteGlobalIDString = 9E7BA4CD2C3C83F400A5B0A7;
			remoteInfo = Vilea;
		};
		9E7BA4F22C3C83F500A5B0A7 /* PBXContainerItemProxy */ = {
			isa = PBXContainerItemProxy;
			containerPortal = 9E7BA4C62C3C83F400A5B0A7 /* Project object */;
			proxyType = 1;
			remoteGlobalIDString = 9E7BA4CD2C3C83F400A5B0A7;
			remoteInfo = Vilea;
		};
/* End PBXContainerItemProxy section */

/* Begin PBXFileReference section */
		9E7BA4CE2C3C83F400A5B0A7 /* Vilea.app */ = {isa = PBXFileReference; explicitFileType = wrapper.application; includeInIndex = 0; path = Vilea.app; sourceTree = BUILT_PRODUCTS_DIR; };
		9E7BA4D12C3C83F400A5B0A7 /* AppDelegate.swift */ = {isa = PBXFileReference; lastKnownFileType = sourcecode.swift; path = AppDelegate.swift; sourceTree = "<group>"; };
		9E7BA4D32C3C83F400A5B0A7 /* SceneDelegate.swift */ = {isa = PBXFileReference; lastKnownFileType = sourcecode.swift; path = SceneDelegate.swift; sourceTree = "<group>"; };
		9E7BA4D52C3C83F400A5B0A7 /* MapViewController.swift */ = {isa = PBXFileReference; lastKnownFileType = sourcecode.swift; path = MapViewController.swift; sourceTree = "<group>"; };
		9E7BA4DB2C3C83F400A5B0A7 /* Vilea.xcdatamodel */ = {isa = PBXFileReference; lastKnownFileType = wrapper.xcdatamodel; path = Vilea.xcdatamodel; sourceTree = "<group>"; };
		9E7BA4DD2C3C83F500A5B0A7 /* Assets.xcassets */ = {isa = PBXFileReference; lastKnownFileType = folder.assetcatalog; path = Assets.xcassets; sourceTree = "<group>"; };
		9E7BA4E02C3C83F500A5B0A7 /* Base */ = {isa = PBXFileReference; lastKnownFileType = file.storyboard; name = Base; path = Base.lproj/LaunchScreen.storyboard; sourceTree = "<group>"; };
		9E7BA4E22C3C83F500A5B0A7 /* Info.plist */ = {isa = PBXFileReference; lastKnownFileType = text.plist.xml; path = Info.plist; sourceTree = "<group>"; };
		9E7BA4E72C3C83F500A5B0A7 /* VileaTests.xctest */ = {isa = PBXFileReference; explicitFileType = wrapper.cfbundle; includeInIndex = 0; path = VileaTests.xctest; sourceTree = BUILT_PRODUCTS_DIR; };
		9E7BA4EB2C3C83F500A5B0A7 /* VileaTests.swift */ = {isa = PBXFileReference; lastKnownFileType = sourcecode.swift; path = VileaTests.swift; sourceTree = "<group>"; };
		9E7BA4F12C3C83F500A5B0A7 /* VileaUITests.xctest */ = {isa = PBXFileReference; explicitFileType = wrapper.cfbundle; includeInIndex = 0; path = VileaUITests.xctest; sourceTree = BUILT_PRODUCTS_DIR; };
		9E7BA4F52C3C83F500A5B0A7 /* VileaUITests.swift */ = {isa = PBXFileReference; lastKnownFileType = sourcecode.swift; path = VileaUITests.swift; sourceTree = "<group>"; };
		9E7BA4F72C3C83F500A5B0A7 /* VileaUITestsLaunchTests.swift */ = {isa = PBXFileReference; lastKnownFileType = sourcecode.swift; path = VileaUITestsLaunchTests.swift; sourceTree = "<group>"; };
		9E7BA50D2C3C867C00A5B0A7 /* OSLog+Extensions.swift */ = {isa = PBXFileReference; lastKnownFileType = sourcecode.swift; path = "OSLog+Extensions.swift"; sourceTree = "<group>"; };
		9E7BA50F2C3C897800A5B0A7 /* ListViewController.swift */ = {isa = PBXFileReference; lastKnownFileType = sourcecode.swift; path = ListViewController.swift; sourceTree = "<group>"; };
		9E7BA5112C3C8BB600A5B0A7 /* MainTabBarController.swift */ = {isa = PBXFileReference; lastKnownFileType = sourcecode.swift; path = MainTabBarController.swift; sourceTree = "<group>"; };
		9E7BA5142C3CA92100A5B0A7 /* StationRepository.swift */ = {isa = PBXFileReference; lastKnownFileType = sourcecode.swift; path = StationRepository.swift; sourceTree = "<group>"; };
		9E7BA5162C3CACDB00A5B0A7 /* StationLocalRepository.swift */ = {isa = PBXFileReference; lastKnownFileType = sourcecode.swift; path = StationLocalRepository.swift; sourceTree = "<group>"; };
		9E7BA5182C3CACE300A5B0A7 /* StationRemoteRepository.swift */ = {isa = PBXFileReference; lastKnownFileType = sourcecode.swift; path = StationRemoteRepository.swift; sourceTree = "<group>"; };
		9E7BA51D2C3D7FD100A5B0A7 /* EVSERoot.swift */ = {isa = PBXFileReference; lastKnownFileType = sourcecode.swift; path = EVSERoot.swift; sourceTree = "<group>"; };
		9E7BA51F2C3D7FE400A5B0A7 /* EVSEData.swift */ = {isa = PBXFileReference; lastKnownFileType = sourcecode.swift; path = EVSEData.swift; sourceTree = "<group>"; };
		9E7BA5212C3D7FFA00A5B0A7 /* EVSEDataRecord.swift */ = {isa = PBXFileReference; lastKnownFileType = sourcecode.swift; path = EVSEDataRecord.swift; sourceTree = "<group>"; };
		9E7BA5232C3D802100A5B0A7 /* GeoCoordinates.swift */ = {isa = PBXFileReference; lastKnownFileType = sourcecode.swift; path = GeoCoordinates.swift; sourceTree = "<group>"; };
		9E7BA5252C3D804200A5B0A7 /* ChargingFacility.swift */ = {isa = PBXFileReference; lastKnownFileType = sourcecode.swift; path = ChargingFacility.swift; sourceTree = "<group>"; };
		9E7BA5292C3D82C700A5B0A7 /* Data+Extensions.swift */ = {isa = PBXFileReference; lastKnownFileType = sourcecode.swift; path = "Data+Extensions.swift"; sourceTree = "<group>"; };
		9E7BA52B2C3D84B900A5B0A7 /* AppConfig.swift */ = {isa = PBXFileReference; lastKnownFileType = sourcecode.swift; path = AppConfig.swift; sourceTree = "<group>"; };
		9E7BA52D2C3DE2FF00A5B0A7 /* Station+Extensions.swift */ = {isa = PBXFileReference; lastKnownFileType = sourcecode.swift; path = "Station+Extensions.swift"; sourceTree = "<group>"; };
		9E7BA52F2C3DF45800A5B0A7 /* EVSEStatusesRoot.swift */ = {isa = PBXFileReference; lastKnownFileType = sourcecode.swift; path = EVSEStatusesRoot.swift; sourceTree = "<group>"; };
		9E7BA5312C3DF6FE00A5B0A7 /* EvseState.swift */ = {isa = PBXFileReference; lastKnownFileType = sourcecode.swift; path = EvseState.swift; sourceTree = "<group>"; };
		9E7BA5332C3DFAFE00A5B0A7 /* EVSEStatus.swift */ = {isa = PBXFileReference; lastKnownFileType = sourcecode.swift; path = EVSEStatus.swift; sourceTree = "<group>"; };
		9E7BA5352C3DFB0A00A5B0A7 /* EVSEStatusRecord.swift */ = {isa = PBXFileReference; lastKnownFileType = sourcecode.swift; path = EVSEStatusRecord.swift; sourceTree = "<group>"; };
		9E7BA5372C3E0B3200A5B0A7 /* StationAnnotation.swift */ = {isa = PBXFileReference; lastKnownFileType = sourcecode.swift; path = StationAnnotation.swift; sourceTree = "<group>"; };
		9E7BA5392C3EB97200A5B0A7 /* UniqueStation.swift */ = {isa = PBXFileReference; lastKnownFileType = sourcecode.swift; path = UniqueStation.swift; sourceTree = "<group>"; };
/* End PBXFileReference section */

/* Begin PBXFrameworksBuildPhase section */
		9E7BA4CB2C3C83F400A5B0A7 /* Frameworks */ = {
			isa = PBXFrameworksBuildPhase;
			buildActionMask = 2147483647;
			files = (
			);
			runOnlyForDeploymentPostprocessing = 0;
		};
		9E7BA4E42C3C83F500A5B0A7 /* Frameworks */ = {
			isa = PBXFrameworksBuildPhase;
			buildActionMask = 2147483647;
			files = (
			);
			runOnlyForDeploymentPostprocessing = 0;
		};
		9E7BA4EE2C3C83F500A5B0A7 /* Frameworks */ = {
			isa = PBXFrameworksBuildPhase;
			buildActionMask = 2147483647;
			files = (
			);
			runOnlyForDeploymentPostprocessing = 0;
		};
/* End PBXFrameworksBuildPhase section */

/* Begin PBXGroup section */
		9E7BA4C52C3C83F400A5B0A7 = {
			isa = PBXGroup;
			children = (
				9E7BA4D02C3C83F400A5B0A7 /* Vilea */,
				9E7BA4EA2C3C83F500A5B0A7 /* VileaTests */,
				9E7BA4F42C3C83F500A5B0A7 /* VileaUITests */,
				9E7BA4CF2C3C83F400A5B0A7 /* Products */,
			);
			sourceTree = "<group>";
		};
		9E7BA4CF2C3C83F400A5B0A7 /* Products */ = {
			isa = PBXGroup;
			children = (
				9E7BA4CE2C3C83F400A5B0A7 /* Vilea.app */,
				9E7BA4E72C3C83F500A5B0A7 /* VileaTests.xctest */,
				9E7BA4F12C3C83F500A5B0A7 /* VileaUITests.xctest */,
			);
			name = Products;
			sourceTree = "<group>";
		};
		9E7BA4D02C3C83F400A5B0A7 /* Vilea */ = {
			isa = PBXGroup;
			children = (
				9E7BA5042C3C858900A5B0A7 /* Application */,
				9E7BA5052C3C85C200A5B0A7 /* Controllers */,
				9E7BA5062C3C85DB00A5B0A7 /* Repositories */,
				9E7BA5072C3C85F200A5B0A7 /* Models */,
				9E7BA5082C3C860400A5B0A7 /* Utilities */,
				9E7BA5092C3C860B00A5B0A7 /* Extensions */,
				9E7BA50A2C3C861E00A5B0A7 /* Resources */,
			);
			path = Vilea;
			sourceTree = "<group>";
		};
		9E7BA4EA2C3C83F500A5B0A7 /* VileaTests */ = {
			isa = PBXGroup;
			children = (
				9E7BA4EB2C3C83F500A5B0A7 /* VileaTests.swift */,
			);
			path = VileaTests;
			sourceTree = "<group>";
		};
		9E7BA4F42C3C83F500A5B0A7 /* VileaUITests */ = {
			isa = PBXGroup;
			children = (
				9E7BA4F52C3C83F500A5B0A7 /* VileaUITests.swift */,
				9E7BA4F72C3C83F500A5B0A7 /* VileaUITestsLaunchTests.swift */,
			);
			path = VileaUITests;
			sourceTree = "<group>";
		};
		9E7BA5042C3C858900A5B0A7 /* Application */ = {
			isa = PBXGroup;
			children = (
				9E7BA4D12C3C83F400A5B0A7 /* AppDelegate.swift */,
				9E7BA4D32C3C83F400A5B0A7 /* SceneDelegate.swift */,
			);
			path = Application;
			sourceTree = "<group>";
		};
		9E7BA5052C3C85C200A5B0A7 /* Controllers */ = {
			isa = PBXGroup;
			children = (
				9E7BA5112C3C8BB600A5B0A7 /* MainTabBarController.swift */,
				9E7BA4D52C3C83F400A5B0A7 /* MapViewController.swift */,
				9E7BA50F2C3C897800A5B0A7 /* ListViewController.swift */,
			);
			path = Controllers;
			sourceTree = "<group>";
		};
		9E7BA5062C3C85DB00A5B0A7 /* Repositories */ = {
			isa = PBXGroup;
			children = (
				9E7BA5132C3CA90F00A5B0A7 /* Station */,
			);
			path = Repositories;
			sourceTree = "<group>";
		};
		9E7BA5072C3C85F200A5B0A7 /* Models */ = {
			isa = PBXGroup;
			children = (
				9E7BA51C2C3D7FC400A5B0A7 /* Decoding */,
				9E7BA5312C3DF6FE00A5B0A7 /* EvseState.swift */,
				9E7BA5392C3EB97200A5B0A7 /* UniqueStation.swift */,
				9E7BA5372C3E0B3200A5B0A7 /* StationAnnotation.swift */,
			);
			path = Models;
			sourceTree = "<group>";
		};
		9E7BA5082C3C860400A5B0A7 /* Utilities */ = {
			isa = PBXGroup;
			children = (
				9E7BA52B2C3D84B900A5B0A7 /* AppConfig.swift */,
			);
			path = Utilities;
			sourceTree = "<group>";
		};
		9E7BA5092C3C860B00A5B0A7 /* Extensions */ = {
			isa = PBXGroup;
			children = (
				9E7BA50D2C3C867C00A5B0A7 /* OSLog+Extensions.swift */,
				9E7BA5292C3D82C700A5B0A7 /* Data+Extensions.swift */,
				9E7BA52D2C3DE2FF00A5B0A7 /* Station+Extensions.swift */,
			);
			path = Extensions;
			sourceTree = "<group>";
		};
		9E7BA50A2C3C861E00A5B0A7 /* Resources */ = {
			isa = PBXGroup;
			children = (
				9E7BA4E22C3C83F500A5B0A7 /* Info.plist */,
				9E7BA4DF2C3C83F500A5B0A7 /* LaunchScreen.storyboard */,
				9E7BA4DA2C3C83F400A5B0A7 /* Vilea.xcdatamodeld */,
				9E7BA4DD2C3C83F500A5B0A7 /* Assets.xcassets */,
			);
			path = Resources;
			sourceTree = "<group>";
		};
		9E7BA5132C3CA90F00A5B0A7 /* Station */ = {
			isa = PBXGroup;
			children = (
				9E7BA5162C3CACDB00A5B0A7 /* StationLocalRepository.swift */,
				9E7BA5182C3CACE300A5B0A7 /* StationRemoteRepository.swift */,
				9E7BA5142C3CA92100A5B0A7 /* StationRepository.swift */,
			);
			path = Station;
			sourceTree = "<group>";
		};
		9E7BA51C2C3D7FC400A5B0A7 /* Decoding */ = {
			isa = PBXGroup;
			children = (
				9E7BA51D2C3D7FD100A5B0A7 /* EVSERoot.swift */,
				9E7BA51F2C3D7FE400A5B0A7 /* EVSEData.swift */,
				9E7BA5212C3D7FFA00A5B0A7 /* EVSEDataRecord.swift */,
				9E7BA5232C3D802100A5B0A7 /* GeoCoordinates.swift */,
				9E7BA5252C3D804200A5B0A7 /* ChargingFacility.swift */,
				9E7BA52F2C3DF45800A5B0A7 /* EVSEStatusesRoot.swift */,
				9E7BA5332C3DFAFE00A5B0A7 /* EVSEStatus.swift */,
				9E7BA5352C3DFB0A00A5B0A7 /* EVSEStatusRecord.swift */,
			);
			path = Decoding;
			sourceTree = "<group>";
		};
/* End PBXGroup section */

/* Begin PBXNativeTarget section */
		9E7BA4CD2C3C83F400A5B0A7 /* Vilea */ = {
			isa = PBXNativeTarget;
			buildConfigurationList = 9E7BA4FB2C3C83F500A5B0A7 /* Build configuration list for PBXNativeTarget "Vilea" */;
			buildPhases = (
				9E7BA4CA2C3C83F400A5B0A7 /* Sources */,
				9E7BA4CB2C3C83F400A5B0A7 /* Frameworks */,
				9E7BA4CC2C3C83F400A5B0A7 /* Resources */,
			);
			buildRules = (
			);
			dependencies = (
			);
			name = Vilea;
			productName = Vilea;
			productReference = 9E7BA4CE2C3C83F400A5B0A7 /* Vilea.app */;
			productType = "com.apple.product-type.application";
		};
		9E7BA4E62C3C83F500A5B0A7 /* VileaTests */ = {
			isa = PBXNativeTarget;
			buildConfigurationList = 9E7BA4FE2C3C83F500A5B0A7 /* Build configuration list for PBXNativeTarget "VileaTests" */;
			buildPhases = (
				9E7BA4E32C3C83F500A5B0A7 /* Sources */,
				9E7BA4E42C3C83F500A5B0A7 /* Frameworks */,
				9E7BA4E52C3C83F500A5B0A7 /* Resources */,
			);
			buildRules = (
			);
			dependencies = (
				9E7BA4E92C3C83F500A5B0A7 /* PBXTargetDependency */,
			);
			name = VileaTests;
			productName = VileaTests;
			productReference = 9E7BA4E72C3C83F500A5B0A7 /* VileaTests.xctest */;
			productType = "com.apple.product-type.bundle.unit-test";
		};
		9E7BA4F02C3C83F500A5B0A7 /* VileaUITests */ = {
			isa = PBXNativeTarget;
			buildConfigurationList = 9E7BA5012C3C83F500A5B0A7 /* Build configuration list for PBXNativeTarget "VileaUITests" */;
			buildPhases = (
				9E7BA4ED2C3C83F500A5B0A7 /* Sources */,
				9E7BA4EE2C3C83F500A5B0A7 /* Frameworks */,
				9E7BA4EF2C3C83F500A5B0A7 /* Resources */,
			);
			buildRules = (
			);
			dependencies = (
				9E7BA4F32C3C83F500A5B0A7 /* PBXTargetDependency */,
			);
			name = VileaUITests;
			productName = VileaUITests;
			productReference = 9E7BA4F12C3C83F500A5B0A7 /* VileaUITests.xctest */;
			productType = "com.apple.product-type.bundle.ui-testing";
		};
/* End PBXNativeTarget section */

/* Begin PBXProject section */
		9E7BA4C62C3C83F400A5B0A7 /* Project object */ = {
			isa = PBXProject;
			attributes = {
				BuildIndependentTargetsInParallel = 1;
				LastSwiftUpdateCheck = 1530;
				LastUpgradeCheck = 1530;
				TargetAttributes = {
					9E7BA4CD2C3C83F400A5B0A7 = {
						CreatedOnToolsVersion = 15.3;
					};
					9E7BA4E62C3C83F500A5B0A7 = {
						CreatedOnToolsVersion = 15.3;
						TestTargetID = 9E7BA4CD2C3C83F400A5B0A7;
					};
					9E7BA4F02C3C83F500A5B0A7 = {
						CreatedOnToolsVersion = 15.3;
						TestTargetID = 9E7BA4CD2C3C83F400A5B0A7;
					};
				};
			};
			buildConfigurationList = 9E7BA4C92C3C83F400A5B0A7 /* Build configuration list for PBXProject "Vilea" */;
			compatibilityVersion = "Xcode 14.0";
			developmentRegion = en;
			hasScannedForEncodings = 0;
			knownRegions = (
				en,
				Base,
			);
			mainGroup = 9E7BA4C52C3C83F400A5B0A7;
			productRefGroup = 9E7BA4CF2C3C83F400A5B0A7 /* Products */;
			projectDirPath = "";
			projectRoot = "";
			targets = (
				9E7BA4CD2C3C83F400A5B0A7 /* Vilea */,
				9E7BA4E62C3C83F500A5B0A7 /* VileaTests */,
				9E7BA4F02C3C83F500A5B0A7 /* VileaUITests */,
			);
		};
/* End PBXProject section */

/* Begin PBXResourcesBuildPhase section */
		9E7BA4CC2C3C83F400A5B0A7 /* Resources */ = {
			isa = PBXResourcesBuildPhase;
			buildActionMask = 2147483647;
			files = (
				9E7BA4DE2C3C83F500A5B0A7 /* Assets.xcassets in Resources */,
				9E7BA4E12C3C83F500A5B0A7 /* Base in Resources */,
			);
			runOnlyForDeploymentPostprocessing = 0;
		};
		9E7BA4E52C3C83F500A5B0A7 /* Resources */ = {
			isa = PBXResourcesBuildPhase;
			buildActionMask = 2147483647;
			files = (
			);
			runOnlyForDeploymentPostprocessing = 0;
		};
		9E7BA4EF2C3C83F500A5B0A7 /* Resources */ = {
			isa = PBXResourcesBuildPhase;
			buildActionMask = 2147483647;
			files = (
			);
			runOnlyForDeploymentPostprocessing = 0;
		};
/* End PBXResourcesBuildPhase section */

/* Begin PBXSourcesBuildPhase section */
		9E7BA4CA2C3C83F400A5B0A7 /* Sources */ = {
			isa = PBXSourcesBuildPhase;
			buildActionMask = 2147483647;
			files = (
				9E7BA51E2C3D7FD100A5B0A7 /* EVSERoot.swift in Sources */,
				9E7BA50E2C3C867C00A5B0A7 /* OSLog+Extensions.swift in Sources */,
				9E7BA4D62C3C83F400A5B0A7 /* MapViewController.swift in Sources */,
				9E7BA52A2C3D82C700A5B0A7 /* Data+Extensions.swift in Sources */,
				9E7BA5242C3D802100A5B0A7 /* GeoCoordinates.swift in Sources */,
				9E7BA5192C3CACE300A5B0A7 /* StationRemoteRepository.swift in Sources */,
				9E7BA52E2C3DE2FF00A5B0A7 /* Station+Extensions.swift in Sources */,
				9E7BA53A2C3EB97200A5B0A7 /* UniqueStation.swift in Sources */,
				9E7BA4D22C3C83F400A5B0A7 /* AppDelegate.swift in Sources */,
				9E7BA5122C3C8BB600A5B0A7 /* MainTabBarController.swift in Sources */,
				9E7BA5202C3D7FE400A5B0A7 /* EVSEData.swift in Sources */,
				9E7BA52C2C3D84B900A5B0A7 /* AppConfig.swift in Sources */,
				9E7BA5222C3D7FFA00A5B0A7 /* EVSEDataRecord.swift in Sources */,
				9E7BA5262C3D804200A5B0A7 /* ChargingFacility.swift in Sources */,
				9E7BA5302C3DF45800A5B0A7 /* EVSEStatusesRoot.swift in Sources */,
				9E7BA5382C3E0B3200A5B0A7 /* StationAnnotation.swift in Sources */,
				9E7BA4D42C3C83F400A5B0A7 /* SceneDelegate.swift in Sources */,
				9E7BA4DC2C3C83F400A5B0A7 /* Vilea.xcdatamodeld in Sources */,
				9E7BA5342C3DFAFE00A5B0A7 /* EVSEStatus.swift in Sources */,
				9E7BA5152C3CA92100A5B0A7 /* StationRepository.swift in Sources */,
				9E7BA5322C3DF6FE00A5B0A7 /* EvseState.swift in Sources */,
				9E7BA5172C3CACDB00A5B0A7 /* StationLocalRepository.swift in Sources */,
				9E7BA5102C3C897800A5B0A7 /* ListViewController.swift in Sources */,
				9E7BA5362C3DFB0A00A5B0A7 /* EVSEStatusRecord.swift in Sources */,
			);
			runOnlyForDeploymentPostprocessing = 0;
		};
		9E7BA4E32C3C83F500A5B0A7 /* Sources */ = {
			isa = PBXSourcesBuildPhase;
			buildActionMask = 2147483647;
			files = (
				9E7BA4EC2C3C83F500A5B0A7 /* VileaTests.swift in Sources */,
			);
			runOnlyForDeploymentPostprocessing = 0;
		};
		9E7BA4ED2C3C83F500A5B0A7 /* Sources */ = {
			isa = PBXSourcesBuildPhase;
			buildActionMask = 2147483647;
			files = (
				9E7BA4F82C3C83F500A5B0A7 /* VileaUITestsLaunchTests.swift in Sources */,
				9E7BA4F62C3C83F500A5B0A7 /* VileaUITests.swift in Sources */,
			);
			runOnlyForDeploymentPostprocessing = 0;
		};
/* End PBXSourcesBuildPhase section */

/* Begin PBXTargetDependency section */
		9E7BA4E92C3C83F500A5B0A7 /* PBXTargetDependency */ = {
			isa = PBXTargetDependency;
			target = 9E7BA4CD2C3C83F400A5B0A7 /* Vilea */;
			targetProxy = 9E7BA4E82C3C83F500A5B0A7 /* PBXContainerItemProxy */;
		};
		9E7BA4F32C3C83F500A5B0A7 /* PBXTargetDependency */ = {
			isa = PBXTargetDependency;
			target = 9E7BA4CD2C3C83F400A5B0A7 /* Vilea */;
			targetProxy = 9E7BA4F22C3C83F500A5B0A7 /* PBXContainerItemProxy */;
		};
/* End PBXTargetDependency section */

/* Begin PBXVariantGroup section */
		9E7BA4DF2C3C83F500A5B0A7 /* LaunchScreen.storyboard */ = {
			isa = PBXVariantGroup;
			children = (
				9E7BA4E02C3C83F500A5B0A7 /* Base */,
			);
			name = LaunchScreen.storyboard;
			sourceTree = "<group>";
		};
/* End PBXVariantGroup section */

/* Begin XCBuildConfiguration section */
		9E7BA4F92C3C83F500A5B0A7 /* Debug */ = {
			isa = XCBuildConfiguration;
			buildSettings = {
				ALWAYS_SEARCH_USER_PATHS = NO;
				ASSETCATALOG_COMPILER_GENERATE_SWIFT_ASSET_SYMBOL_EXTENSIONS = YES;
				CLANG_ANALYZER_NONNULL = YES;
				CLANG_ANALYZER_NUMBER_OBJECT_CONVERSION = YES_AGGRESSIVE;
				CLANG_CXX_LANGUAGE_STANDARD = "gnu++20";
				CLANG_ENABLE_MODULES = YES;
				CLANG_ENABLE_OBJC_ARC = YES;
				CLANG_ENABLE_OBJC_WEAK = YES;
				CLANG_WARN_BLOCK_CAPTURE_AUTORELEASING = YES;
				CLANG_WARN_BOOL_CONVERSION = YES;
				CLANG_WARN_COMMA = YES;
				CLANG_WARN_CONSTANT_CONVERSION = YES;
				CLANG_WARN_DEPRECATED_OBJC_IMPLEMENTATIONS = YES;
				CLANG_WARN_DIRECT_OBJC_ISA_USAGE = YES_ERROR;
				CLANG_WARN_DOCUMENTATION_COMMENTS = YES;
				CLANG_WARN_EMPTY_BODY = YES;
				CLANG_WARN_ENUM_CONVERSION = YES;
				CLANG_WARN_INFINITE_RECURSION = YES;
				CLANG_WARN_INT_CONVERSION = YES;
				CLANG_WARN_NON_LITERAL_NULL_CONVERSION = YES;
				CLANG_WARN_OBJC_IMPLICIT_RETAIN_SELF = YES;
				CLANG_WARN_OBJC_LITERAL_CONVERSION = YES;
				CLANG_WARN_OBJC_ROOT_CLASS = YES_ERROR;
				CLANG_WARN_QUOTED_INCLUDE_IN_FRAMEWORK_HEADER = YES;
				CLANG_WARN_RANGE_LOOP_ANALYSIS = YES;
				CLANG_WARN_STRICT_PROTOTYPES = YES;
				CLANG_WARN_SUSPICIOUS_MOVE = YES;
				CLANG_WARN_UNGUARDED_AVAILABILITY = YES_AGGRESSIVE;
				CLANG_WARN_UNREACHABLE_CODE = YES;
				CLANG_WARN__DUPLICATE_METHOD_MATCH = YES;
				COPY_PHASE_STRIP = NO;
				DEBUG_INFORMATION_FORMAT = dwarf;
				ENABLE_STRICT_OBJC_MSGSEND = YES;
				ENABLE_TESTABILITY = YES;
				ENABLE_USER_SCRIPT_SANDBOXING = YES;
				GCC_C_LANGUAGE_STANDARD = gnu17;
				GCC_DYNAMIC_NO_PIC = NO;
				GCC_NO_COMMON_BLOCKS = YES;
				GCC_OPTIMIZATION_LEVEL = 0;
				GCC_PREPROCESSOR_DEFINITIONS = (
					"DEBUG=1",
					"$(inherited)",
				);
				GCC_WARN_64_TO_32_BIT_CONVERSION = YES;
				GCC_WARN_ABOUT_RETURN_TYPE = YES_ERROR;
				GCC_WARN_UNDECLARED_SELECTOR = YES;
				GCC_WARN_UNINITIALIZED_AUTOS = YES_AGGRESSIVE;
				GCC_WARN_UNUSED_FUNCTION = YES;
				GCC_WARN_UNUSED_VARIABLE = YES;
				IPHONEOS_DEPLOYMENT_TARGET = 17.4;
				LOCALIZATION_PREFERS_STRING_CATALOGS = YES;
				MTL_ENABLE_DEBUG_INFO = INCLUDE_SOURCE;
				MTL_FAST_MATH = YES;
				ONLY_ACTIVE_ARCH = YES;
				SDKROOT = iphoneos;
				SWIFT_ACTIVE_COMPILATION_CONDITIONS = "DEBUG $(inherited)";
				SWIFT_OPTIMIZATION_LEVEL = "-Onone";
			};
			name = Debug;
		};
		9E7BA4FA2C3C83F500A5B0A7 /* Release */ = {
			isa = XCBuildConfiguration;
			buildSettings = {
				ALWAYS_SEARCH_USER_PATHS = NO;
				ASSETCATALOG_COMPILER_GENERATE_SWIFT_ASSET_SYMBOL_EXTENSIONS = YES;
				CLANG_ANALYZER_NONNULL = YES;
				CLANG_ANALYZER_NUMBER_OBJECT_CONVERSION = YES_AGGRESSIVE;
				CLANG_CXX_LANGUAGE_STANDARD = "gnu++20";
				CLANG_ENABLE_MODULES = YES;
				CLANG_ENABLE_OBJC_ARC = YES;
				CLANG_ENABLE_OBJC_WEAK = YES;
				CLANG_WARN_BLOCK_CAPTURE_AUTORELEASING = YES;
				CLANG_WARN_BOOL_CONVERSION = YES;
				CLANG_WARN_COMMA = YES;
				CLANG_WARN_CONSTANT_CONVERSION = YES;
				CLANG_WARN_DEPRECATED_OBJC_IMPLEMENTATIONS = YES;
				CLANG_WARN_DIRECT_OBJC_ISA_USAGE = YES_ERROR;
				CLANG_WARN_DOCUMENTATION_COMMENTS = YES;
				CLANG_WARN_EMPTY_BODY = YES;
				CLANG_WARN_ENUM_CONVERSION = YES;
				CLANG_WARN_INFINITE_RECURSION = YES;
				CLANG_WARN_INT_CONVERSION = YES;
				CLANG_WARN_NON_LITERAL_NULL_CONVERSION = YES;
				CLANG_WARN_OBJC_IMPLICIT_RETAIN_SELF = YES;
				CLANG_WARN_OBJC_LITERAL_CONVERSION = YES;
				CLANG_WARN_OBJC_ROOT_CLASS = YES_ERROR;
				CLANG_WARN_QUOTED_INCLUDE_IN_FRAMEWORK_HEADER = YES;
				CLANG_WARN_RANGE_LOOP_ANALYSIS = YES;
				CLANG_WARN_STRICT_PROTOTYPES = YES;
				CLANG_WARN_SUSPICIOUS_MOVE = YES;
				CLANG_WARN_UNGUARDED_AVAILABILITY = YES_AGGRESSIVE;
				CLANG_WARN_UNREACHABLE_CODE = YES;
				CLANG_WARN__DUPLICATE_METHOD_MATCH = YES;
				COPY_PHASE_STRIP = NO;
				DEBUG_INFORMATION_FORMAT = "dwarf-with-dsym";
				ENABLE_NS_ASSERTIONS = NO;
				ENABLE_STRICT_OBJC_MSGSEND = YES;
				ENABLE_USER_SCRIPT_SANDBOXING = YES;
				GCC_C_LANGUAGE_STANDARD = gnu17;
				GCC_NO_COMMON_BLOCKS = YES;
				GCC_WARN_64_TO_32_BIT_CONVERSION = YES;
				GCC_WARN_ABOUT_RETURN_TYPE = YES_ERROR;
				GCC_WARN_UNDECLARED_SELECTOR = YES;
				GCC_WARN_UNINITIALIZED_AUTOS = YES_AGGRESSIVE;
				GCC_WARN_UNUSED_FUNCTION = YES;
				GCC_WARN_UNUSED_VARIABLE = YES;
				IPHONEOS_DEPLOYMENT_TARGET = 17.4;
				LOCALIZATION_PREFERS_STRING_CATALOGS = YES;
				MTL_ENABLE_DEBUG_INFO = NO;
				MTL_FAST_MATH = YES;
				SDKROOT = iphoneos;
				SWIFT_COMPILATION_MODE = wholemodule;
				VALIDATE_PRODUCT = YES;
			};
			name = Release;
		};
		9E7BA4FC2C3C83F500A5B0A7 /* Debug */ = {
			isa = XCBuildConfiguration;
			buildSettings = {
				ASSETCATALOG_COMPILER_APPICON_NAME = AppIcon;
				ASSETCATALOG_COMPILER_GLOBAL_ACCENT_COLOR_NAME = AccentColor;
				CODE_SIGN_STYLE = Automatic;
				CURRENT_PROJECT_VERSION = 1;
				DEVELOPMENT_TEAM = PYNP4H8XK8;
				GENERATE_INFOPLIST_FILE = YES;
				INFOPLIST_FILE = Vilea/Resources/Info.plist;
				INFOPLIST_KEY_UIApplicationSupportsIndirectInputEvents = YES;
				INFOPLIST_KEY_UILaunchStoryboardName = LaunchScreen;
				INFOPLIST_KEY_UISupportedInterfaceOrientations_iPad = "UIInterfaceOrientationPortrait UIInterfaceOrientationPortraitUpsideDown UIInterfaceOrientationLandscapeLeft UIInterfaceOrientationLandscapeRight";
				INFOPLIST_KEY_UISupportedInterfaceOrientations_iPhone = "UIInterfaceOrientationPortrait UIInterfaceOrientationLandscapeLeft UIInterfaceOrientationLandscapeRight";
				LD_RUNPATH_SEARCH_PATHS = (
					"$(inherited)",
					"@executable_path/Frameworks",
				);
				MARKETING_VERSION = 1.0;
				PRODUCT_BUNDLE_IDENTIFIER = konstantin.Vilea;
				PRODUCT_NAME = "$(TARGET_NAME)";
				SWIFT_EMIT_LOC_STRINGS = YES;
				SWIFT_VERSION = 5.0;
				TARGETED_DEVICE_FAMILY = "1,2";
			};
			name = Debug;
		};
		9E7BA4FD2C3C83F500A5B0A7 /* Release */ = {
			isa = XCBuildConfiguration;
			buildSettings = {
				ASSETCATALOG_COMPILER_APPICON_NAME = AppIcon;
				ASSETCATALOG_COMPILER_GLOBAL_ACCENT_COLOR_NAME = AccentColor;
				CODE_SIGN_STYLE = Automatic;
				CURRENT_PROJECT_VERSION = 1;
				DEVELOPMENT_TEAM = PYNP4H8XK8;
				GENERATE_INFOPLIST_FILE = YES;
				INFOPLIST_FILE = Vilea/Resources/Info.plist;
				INFOPLIST_KEY_UIApplicationSupportsIndirectInputEvents = YES;
				INFOPLIST_KEY_UILaunchStoryboardName = LaunchScreen;
				INFOPLIST_KEY_UISupportedInterfaceOrientations_iPad = "UIInterfaceOrientationPortrait UIInterfaceOrientationPortraitUpsideDown UIInterfaceOrientationLandscapeLeft UIInterfaceOrientationLandscapeRight";
				INFOPLIST_KEY_UISupportedInterfaceOrientations_iPhone = "UIInterfaceOrientationPortrait UIInterfaceOrientationLandscapeLeft UIInterfaceOrientationLandscapeRight";
				LD_RUNPATH_SEARCH_PATHS = (
					"$(inherited)",
					"@executable_path/Frameworks",
				);
				MARKETING_VERSION = 1.0;
				PRODUCT_BUNDLE_IDENTIFIER = konstantin.Vilea;
				PRODUCT_NAME = "$(TARGET_NAME)";
				SWIFT_EMIT_LOC_STRINGS = YES;
				SWIFT_VERSION = 5.0;
				TARGETED_DEVICE_FAMILY = "1,2";
			};
			name = Release;
		};
		9E7BA4FF2C3C83F500A5B0A7 /* Debug */ = {
			isa = XCBuildConfiguration;
			buildSettings = {
				ALWAYS_EMBED_SWIFT_STANDARD_LIBRARIES = YES;
				BUNDLE_LOADER = "$(TEST_HOST)";
				CODE_SIGN_STYLE = Automatic;
				CURRENT_PROJECT_VERSION = 1;
				DEVELOPMENT_TEAM = PYNP4H8XK8;
				GENERATE_INFOPLIST_FILE = YES;
				IPHONEOS_DEPLOYMENT_TARGET = 17.4;
				MARKETING_VERSION = 1.0;
				PRODUCT_BUNDLE_IDENTIFIER = konstantin.VileaTests;
				PRODUCT_NAME = "$(TARGET_NAME)";
				SWIFT_EMIT_LOC_STRINGS = NO;
				SWIFT_VERSION = 5.0;
				TARGETED_DEVICE_FAMILY = "1,2";
				TEST_HOST = "$(BUILT_PRODUCTS_DIR)/Vilea.app/$(BUNDLE_EXECUTABLE_FOLDER_PATH)/Vilea";
			};
			name = Debug;
		};
		9E7BA5002C3C83F500A5B0A7 /* Release */ = {
			isa = XCBuildConfiguration;
			buildSettings = {
				ALWAYS_EMBED_SWIFT_STANDARD_LIBRARIES = YES;
				BUNDLE_LOADER = "$(TEST_HOST)";
				CODE_SIGN_STYLE = Automatic;
				CURRENT_PROJECT_VERSION = 1;
				DEVELOPMENT_TEAM = PYNP4H8XK8;
				GENERATE_INFOPLIST_FILE = YES;
				IPHONEOS_DEPLOYMENT_TARGET = 17.4;
				MARKETING_VERSION = 1.0;
				PRODUCT_BUNDLE_IDENTIFIER = konstantin.VileaTests;
				PRODUCT_NAME = "$(TARGET_NAME)";
				SWIFT_EMIT_LOC_STRINGS = NO;
				SWIFT_VERSION = 5.0;
				TARGETED_DEVICE_FAMILY = "1,2";
				TEST_HOST = "$(BUILT_PRODUCTS_DIR)/Vilea.app/$(BUNDLE_EXECUTABLE_FOLDER_PATH)/Vilea";
			};
			name = Release;
		};
		9E7BA5022C3C83F500A5B0A7 /* Debug */ = {
			isa = XCBuildConfiguration;
			buildSettings = {
				ALWAYS_EMBED_SWIFT_STANDARD_LIBRARIES = YES;
				CODE_SIGN_STYLE = Automatic;
				CURRENT_PROJECT_VERSION = 1;
				DEVELOPMENT_TEAM = PYNP4H8XK8;
				GENERATE_INFOPLIST_FILE = YES;
				MARKETING_VERSION = 1.0;
				PRODUCT_BUNDLE_IDENTIFIER = konstantin.VileaUITests;
				PRODUCT_NAME = "$(TARGET_NAME)";
				SWIFT_EMIT_LOC_STRINGS = NO;
				SWIFT_VERSION = 5.0;
				TARGETED_DEVICE_FAMILY = "1,2";
				TEST_TARGET_NAME = Vilea;
			};
			name = Debug;
		};
		9E7BA5032C3C83F500A5B0A7 /* Release */ = {
			isa = XCBuildConfiguration;
			buildSettings = {
				ALWAYS_EMBED_SWIFT_STANDARD_LIBRARIES = YES;
				CODE_SIGN_STYLE = Automatic;
				CURRENT_PROJECT_VERSION = 1;
				DEVELOPMENT_TEAM = PYNP4H8XK8;
				GENERATE_INFOPLIST_FILE = YES;
				MARKETING_VERSION = 1.0;
				PRODUCT_BUNDLE_IDENTIFIER = konstantin.VileaUITests;
				PRODUCT_NAME = "$(TARGET_NAME)";
				SWIFT_EMIT_LOC_STRINGS = NO;
				SWIFT_VERSION = 5.0;
				TARGETED_DEVICE_FAMILY = "1,2";
				TEST_TARGET_NAME = Vilea;
			};
			name = Release;
		};
/* End XCBuildConfiguration section */

/* Begin XCConfigurationList section */
		9E7BA4C92C3C83F400A5B0A7 /* Build configuration list for PBXProject "Vilea" */ = {
			isa = XCConfigurationList;
			buildConfigurations = (
				9E7BA4F92C3C83F500A5B0A7 /* Debug */,
				9E7BA4FA2C3C83F500A5B0A7 /* Release */,
			);
			defaultConfigurationIsVisible = 0;
			defaultConfigurationName = Release;
		};
		9E7BA4FB2C3C83F500A5B0A7 /* Build configuration list for PBXNativeTarget "Vilea" */ = {
			isa = XCConfigurationList;
			buildConfigurations = (
				9E7BA4FC2C3C83F500A5B0A7 /* Debug */,
				9E7BA4FD2C3C83F500A5B0A7 /* Release */,
			);
			defaultConfigurationIsVisible = 0;
			defaultConfigurationName = Release;
		};
		9E7BA4FE2C3C83F500A5B0A7 /* Build configuration list for PBXNativeTarget "VileaTests" */ = {
			isa = XCConfigurationList;
			buildConfigurations = (
				9E7BA4FF2C3C83F500A5B0A7 /* Debug */,
				9E7BA5002C3C83F500A5B0A7 /* Release */,
			);
			defaultConfigurationIsVisible = 0;
			defaultConfigurationName = Release;
		};
		9E7BA5012C3C83F500A5B0A7 /* Build configuration list for PBXNativeTarget "VileaUITests" */ = {
			isa = XCConfigurationList;
			buildConfigurations = (
				9E7BA5022C3C83F500A5B0A7 /* Debug */,
				9E7BA5032C3C83F500A5B0A7 /* Release */,
			);
			defaultConfigurationIsVisible = 0;
			defaultConfigurationName = Release;
		};
/* End XCConfigurationList section */

/* Begin XCVersionGroup section */
		9E7BA4DA2C3C83F400A5B0A7 /* Vilea.xcdatamodeld */ = {
			isa = XCVersionGroup;
			children = (
				9E7BA4DB2C3C83F400A5B0A7 /* Vilea.xcdatamodel */,
			);
			currentVersion = 9E7BA4DB2C3C83F400A5B0A7 /* Vilea.xcdatamodel */;
			path = Vilea.xcdatamodeld;
			sourceTree = "<group>";
			versionGroupType = wrapper.xcdatamodel;
		};
/* End XCVersionGroup section */
	};
	rootObject = 9E7BA4C62C3C83F400A5B0A7 /* Project object */;
}
